// !$*UTF8*$!
{
	archiveVersion = 1;
	classes = {
	};
	objectVersion = 46;
	objects = {

/* Begin PBXBuildFile section */
		CF51F8831CBBC6170048E8E7 /* main.m in Sources */ = {isa = PBXBuildFile; fileRef = CF51F8821CBBC6170048E8E7 /* main.m */; };
		CF51F8861CBBC6170048E8E7 /* AppDelegate.m in Sources */ = {isa = PBXBuildFile; fileRef = CF51F8851CBBC6170048E8E7 /* AppDelegate.m */; };
		CF51F8891CBBC6170048E8E7 /* ViewController.m in Sources */ = {isa = PBXBuildFile; fileRef = CF51F8881CBBC6170048E8E7 /* ViewController.m */; };
		CF51F88C1CBBC6170048E8E7 /* Main.storyboard in Resources */ = {isa = PBXBuildFile; fileRef = CF51F88A1CBBC6170048E8E7 /* Main.storyboard */; };
		CF51F88F1CBBC6170048E8E7 /* Sina.xcdatamodeld in Sources */ = {isa = PBXBuildFile; fileRef = CF51F88D1CBBC6170048E8E7 /* Sina.xcdatamodeld */; };
		CF51F8911CBBC6170048E8E7 /* Assets.xcassets in Resources */ = {isa = PBXBuildFile; fileRef = CF51F8901CBBC6170048E8E7 /* Assets.xcassets */; };
		CF51F8941CBBC6170048E8E7 /* LaunchScreen.storyboard in Resources */ = {isa = PBXBuildFile; fileRef = CF51F8921CBBC6170048E8E7 /* LaunchScreen.storyboard */; };
		CF51F89F1CBBC6170048E8E7 /* SinaTests.m in Sources */ = {isa = PBXBuildFile; fileRef = CF51F89E1CBBC6170048E8E7 /* SinaTests.m */; };
		CF51F8AA1CBBC6170048E8E7 /* SinaUITests.m in Sources */ = {isa = PBXBuildFile; fileRef = CF51F8A91CBBC6170048E8E7 /* SinaUITests.m */; };
		CF51F8B81CBBC71A0048E8E7 /* statuses.plist in Resources */ = {isa = PBXBuildFile; fileRef = CF51F8B71CBBC71A0048E8E7 /* statuses.plist */; };
		CF51F8BB1CBBC74C0048E8E7 /* Status.m in Sources */ = {isa = PBXBuildFile; fileRef = CF51F8BA1CBBC74C0048E8E7 /* Status.m */; };
		CF51F8BE1CBBC7CB0048E8E7 /* TableViewCell.m in Sources */ = {isa = PBXBuildFile; fileRef = CF51F8BD1CBBC7CB0048E8E7 /* TableViewCell.m */; };
/* End PBXBuildFile section */

/* Begin PBXContainerItemProxy section */
		CF51F89B1CBBC6170048E8E7 /* PBXContainerItemProxy */ = {
			isa = PBXContainerItemProxy;
			containerPortal = CF51F8761CBBC6170048E8E7 /* Project object */;
			proxyType = 1;
			remoteGlobalIDString = CF51F87D1CBBC6170048E8E7;
			remoteInfo = Sina;
		};
		CF51F8A61CBBC6170048E8E7 /* PBXContainerItemProxy */ = {
			isa = PBXContainerItemProxy;
			containerPortal = CF51F8761CBBC6170048E8E7 /* Project object */;
			proxyType = 1;
			remoteGlobalIDString = CF51F87D1CBBC6170048E8E7;
			remoteInfo = Sina;
		};
/* End PBXContainerItemProxy section */

/* Begin PBXFileReference section */
		CF51F87E1CBBC6170048E8E7 /* Sina.app */ = {isa = PBXFileReference; explicitFileType = wrapper.application; includeInIndex = 0; path = Sina.app; sourceTree = BUILT_PRODUCTS_DIR; };
		CF51F8821CBBC6170048E8E7 /* main.m */ = {isa = PBXFileReference; lastKnownFileType = sourcecode.c.objc; path = main.m; sourceTree = "<group>"; };
		CF51F8841CBBC6170048E8E7 /* AppDelegate.h */ = {isa = PBXFileReference; lastKnownFileType = sourcecode.c.h; path = AppDelegate.h; sourceTree = "<group>"; };
		CF51F8851CBBC6170048E8E7 /* AppDelegate.m */ = {isa = PBXFileReference; lastKnownFileType = sourcecode.c.objc; path = AppDelegate.m; sourceTree = "<group>"; };
		CF51F8871CBBC6170048E8E7 /* ViewController.h */ = {isa = PBXFileReference; lastKnownFileType = sourcecode.c.h; path = ViewController.h; sourceTree = "<group>"; };
		CF51F8881CBBC6170048E8E7 /* ViewController.m */ = {isa = PBXFileReference; lastKnownFileType = sourcecode.c.objc; path = ViewController.m; sourceTree = "<group>"; };
		CF51F88B1CBBC6170048E8E7 /* Base */ = {isa = PBXFileReference; lastKnownFileType = file.storyboard; name = Base; path = Base.lproj/Main.storyboard; sourceTree = "<group>"; };
		CF51F88E1CBBC6170048E8E7 /* Sina.xcdatamodel */ = {isa = PBXFileReference; lastKnownFileType = wrapper.xcdatamodel; path = Sina.xcdatamodel; sourceTree = "<group>"; };
		CF51F8901CBBC6170048E8E7 /* Assets.xcassets */ = {isa = PBXFileReference; lastKnownFileType = folder.assetcatalog; path = Assets.xcassets; sourceTree = "<group>"; };
		CF51F8931CBBC6170048E8E7 /* Base */ = {isa = PBXFileReference; lastKnownFileType = file.storyboard; name = Base; path = Base.lproj/LaunchScreen.storyboard; sourceTree = "<group>"; };
		CF51F8951CBBC6170048E8E7 /* Info.plist */ = {isa = PBXFileReference; lastKnownFileType = text.plist.xml; path = Info.plist; sourceTree = "<group>"; };
		CF51F89A1CBBC6170048E8E7 /* SinaTests.xctest */ = {isa = PBXFileReference; explicitFileType = wrapper.cfbundle; includeInIndex = 0; path = SinaTests.xctest; sourceTree = BUILT_PRODUCTS_DIR; };
		CF51F89E1CBBC6170048E8E7 /* SinaTests.m */ = {isa = PBXFileReference; lastKnownFileType = sourcecode.c.objc; path = SinaTests.m; sourceTree = "<group>"; };
		CF51F8A01CBBC6170048E8E7 /* Info.plist */ = {isa = PBXFileReference; lastKnownFileType = text.plist.xml; path = Info.plist; sourceTree = "<group>"; };
		CF51F8A51CBBC6170048E8E7 /* SinaUITests.xctest */ = {isa = PBXFileReference; explicitFileType = wrapper.cfbundle; includeInIndex = 0; path = SinaUITests.xctest; sourceTree = BUILT_PRODUCTS_DIR; };
		CF51F8A91CBBC6170048E8E7 /* SinaUITests.m */ = {isa = PBXFileReference; lastKnownFileType = sourcecode.c.objc; path = SinaUITests.m; sourceTree = "<group>"; };
		CF51F8AB1CBBC6170048E8E7 /* Info.plist */ = {isa = PBXFileReference; lastKnownFileType = text.plist.xml; path = Info.plist; sourceTree = "<group>"; };
		CF51F8B71CBBC71A0048E8E7 /* statuses.plist */ = {isa = PBXFileReference; fileEncoding = 4; lastKnownFileType = text.plist.xml; path = statuses.plist; sourceTree = "<group>"; };
		CF51F8B91CBBC74C0048E8E7 /* Status.h */ = {isa = PBXFileReference; fileEncoding = 4; lastKnownFileType = sourcecode.c.h; path = Status.h; sourceTree = "<group>"; };
		CF51F8BA1CBBC74C0048E8E7 /* Status.m */ = {isa = PBXFileReference; fileEncoding = 4; lastKnownFileType = sourcecode.c.objc; path = Status.m; sourceTree = "<group>"; };
		CF51F8BC1CBBC7CB0048E8E7 /* TableViewCell.h */ = {isa = PBXFileReference; fileEncoding = 4; lastKnownFileType = sourcecode.c.h; path = TableViewCell.h; sourceTree = "<group>"; };
		CF51F8BD1CBBC7CB0048E8E7 /* TableViewCell.m */ = {isa = PBXFileReference; fileEncoding = 4; lastKnownFileType = sourcecode.c.objc; path = TableViewCell.m; sourceTree = "<group>"; };
/* End PBXFileReference section */

/* Begin PBXFrameworksBuildPhase section */
		CF51F87B1CBBC6170048E8E7 /* Frameworks */ = {
			isa = PBXFrameworksBuildPhase;
			buildActionMask = 2147483647;
			files = (
			);
			runOnlyForDeploymentPostprocessing = 0;
		};
		CF51F8971CBBC6170048E8E7 /* Frameworks */ = {
			isa = PBXFrameworksBuildPhase;
			buildActionMask = 2147483647;
			files = (
			);
			runOnlyForDeploymentPostprocessing = 0;
		};
		CF51F8A21CBBC6170048E8E7 /* Frameworks */ = {
			isa = PBXFrameworksBuildPhase;
			buildActionMask = 2147483647;
			files = (
			);
			runOnlyForDeploymentPostprocessing = 0;
		};
/* End PBXFrameworksBuildPhase section */

/* Begin PBXGroup section */
		CF51F8751CBBC6170048E8E7 = {
			isa = PBXGroup;
			children = (
				CF51F8801CBBC6170048E8E7 /* Sina */,
				CF51F89D1CBBC6170048E8E7 /* SinaTests */,
				CF51F8A81CBBC6170048E8E7 /* SinaUITests */,
				CF51F87F1CBBC6170048E8E7 /* Products */,
			);
			sourceTree = "<group>";
		};
		CF51F87F1CBBC6170048E8E7 /* Products */ = {
			isa = PBXGroup;
			children = (
				CF51F87E1CBBC6170048E8E7 /* Sina.app */,
				CF51F89A1CBBC6170048E8E7 /* SinaTests.xctest */,
				CF51F8A51CBBC6170048E8E7 /* SinaUITests.xctest */,
			);
			name = Products;
			sourceTree = "<group>";
		};
		CF51F8801CBBC6170048E8E7 /* Sina */ = {
			isa = PBXGroup;
			children = (
				CF51F8841CBBC6170048E8E7 /* AppDelegate.h */,
				CF51F8851CBBC6170048E8E7 /* AppDelegate.m */,
				CF51F8871CBBC6170048E8E7 /* ViewController.h */,
				CF51F8881CBBC6170048E8E7 /* ViewController.m */,
				CF51F88A1CBBC6170048E8E7 /* Main.storyboard */,
				CF51F8901CBBC6170048E8E7 /* Assets.xcassets */,
				CF51F8921CBBC6170048E8E7 /* LaunchScreen.storyboard */,
				CF51F8951CBBC6170048E8E7 /* Info.plist */,
				CF51F88D1CBBC6170048E8E7 /* Sina.xcdatamodeld */,
				CF51F8811CBBC6170048E8E7 /* Supporting Files */,
			);
			path = Sina;
			sourceTree = "<group>";
		};
		CF51F8811CBBC6170048E8E7 /* Supporting Files */ = {
			isa = PBXGroup;
			children = (
				CF51F8B91CBBC74C0048E8E7 /* Status.h */,
				CF51F8BA1CBBC74C0048E8E7 /* Status.m */,
				CF51F8BC1CBBC7CB0048E8E7 /* TableViewCell.h */,
				CF51F8BD1CBBC7CB0048E8E7 /* TableViewCell.m */,
				CF51F8B71CBBC71A0048E8E7 /* statuses.plist */,
				CF51F8821CBBC6170048E8E7 /* main.m */,
			);
			name = "Supporting Files";
			sourceTree = "<group>";
		};
		CF51F89D1CBBC6170048E8E7 /* SinaTests */ = {
			isa = PBXGroup;
			children = (
				CF51F89E1CBBC6170048E8E7 /* SinaTests.m */,
				CF51F8A01CBBC6170048E8E7 /* Info.plist */,
			);
			path = SinaTests;
			sourceTree = "<group>";
		};
		CF51F8A81CBBC6170048E8E7 /* SinaUITests */ = {
			isa = PBXGroup;
			children = (
				CF51F8A91CBBC6170048E8E7 /* SinaUITests.m */,
				CF51F8AB1CBBC6170048E8E7 /* Info.plist */,
			);
			path = SinaUITests;
			sourceTree = "<group>";
		};
/* End PBXGroup section */

/* Begin PBXNativeTarget section */
		CF51F87D1CBBC6170048E8E7 /* Sina */ = {
			isa = PBXNativeTarget;
			buildConfigurationList = CF51F8AE1CBBC6170048E8E7 /* Build configuration list for PBXNativeTarget "Sina" */;
			buildPhases = (
				CF51F87A1CBBC6170048E8E7 /* Sources */,
				CF51F87B1CBBC6170048E8E7 /* Frameworks */,
				CF51F87C1CBBC6170048E8E7 /* Resources */,
			);
			buildRules = (
			);
			dependencies = (
			);
			name = Sina;
			productName = Sina;
			productReference = CF51F87E1CBBC6170048E8E7 /* Sina.app */;
			productType = "com.apple.product-type.application";
		};
		CF51F8991CBBC6170048E8E7 /* SinaTests */ = {
			isa = PBXNativeTarget;
			buildConfigurationList = CF51F8B11CBBC6170048E8E7 /* Build configuration list for PBXNativeTarget "SinaTests" */;
			buildPhases = (
				CF51F8961CBBC6170048E8E7 /* Sources */,
				CF51F8971CBBC6170048E8E7 /* Frameworks */,
				CF51F8981CBBC6170048E8E7 /* Resources */,
			);
			buildRules = (
			);
			dependencies = (
				CF51F89C1CBBC6170048E8E7 /* PBXTargetDependency */,
			);
			name = SinaTests;
			productName = SinaTests;
			productReference = CF51F89A1CBBC6170048E8E7 /* SinaTests.xctest */;
			productType = "com.apple.product-type.bundle.unit-test";
		};
		CF51F8A41CBBC6170048E8E7 /* SinaUITests */ = {
			isa = PBXNativeTarget;
			buildConfigurationList = CF51F8B41CBBC6170048E8E7 /* Build configuration list for PBXNativeTarget "SinaUITests" */;
			buildPhases = (
				CF51F8A11CBBC6170048E8E7 /* Sources */,
				CF51F8A21CBBC6170048E8E7 /* Frameworks */,
				CF51F8A31CBBC6170048E8E7 /* Resources */,
			);
			buildRules = (
			);
			dependencies = (
				CF51F8A71CBBC6170048E8E7 /* PBXTargetDependency */,
			);
			name = SinaUITests;
			productName = SinaUITests;
			productReference = CF51F8A51CBBC6170048E8E7 /* SinaUITests.xctest */;
			productType = "com.apple.product-type.bundle.ui-testing";
		};
/* End PBXNativeTarget section */

/* Begin PBXProject section */
		CF51F8761CBBC6170048E8E7 /* Project object */ = {
			isa = PBXProject;
			attributes = {
				LastUpgradeCheck = 0730;
				ORGANIZATIONNAME = jiangsu;
				TargetAttributes = {
					CF51F87D1CBBC6170048E8E7 = {
						CreatedOnToolsVersion = 7.3;
						DevelopmentTeam = 4SU7V64Q9J;
					};
					CF51F8991CBBC6170048E8E7 = {
						CreatedOnToolsVersion = 7.3;
						DevelopmentTeam = 4SU7V64Q9J;
						TestTargetID = CF51F87D1CBBC6170048E8E7;
					};
					CF51F8A41CBBC6170048E8E7 = {
						CreatedOnToolsVersion = 7.3;
						DevelopmentTeam = 4SU7V64Q9J;
						TestTargetID = CF51F87D1CBBC6170048E8E7;
					};
				};
			};
			buildConfigurationList = CF51F8791CBBC6170048E8E7 /* Build configuration list for PBXProject "Sina" */;
			compatibilityVersion = "Xcode 3.2";
			developmentRegion = English;
			hasScannedForEncodings = 0;
			knownRegions = (
				en,
				Base,
			);
			mainGroup = CF51F8751CBBC6170048E8E7;
			productRefGroup = CF51F87F1CBBC6170048E8E7 /* Products */;
			projectDirPath = "";
			projectRoot = "";
			targets = (
				CF51F87D1CBBC6170048E8E7 /* Sina */,
				CF51F8991CBBC6170048E8E7 /* SinaTests */,
				CF51F8A41CBBC6170048E8E7 /* SinaUITests */,
			);
		};
/* End PBXProject section */

/* Begin PBXResourcesBuildPhase section */
		CF51F87C1CBBC6170048E8E7 /* Resources */ = {
			isa = PBXResourcesBuildPhase;
			buildActionMask = 2147483647;
			files = (
				CF51F8B81CBBC71A0048E8E7 /* statuses.plist in Resources */,
				CF51F8941CBBC6170048E8E7 /* LaunchScreen.storyboard in Resources */,
				CF51F8911CBBC6170048E8E7 /* Assets.xcassets in Resources */,
				CF51F88C1CBBC6170048E8E7 /* Main.storyboard in Resources */,
			);
			runOnlyForDeploymentPostprocessing = 0;
		};
		CF51F8981CBBC6170048E8E7 /* Resources */ = {
			isa = PBXResourcesBuildPhase;
			buildActionMask = 2147483647;
			files = (
			);
			runOnlyForDeploymentPostprocessing = 0;
		};
		CF51F8A31CBBC6170048E8E7 /* Resources */ = {
			isa = PBXResourcesBuildPhase;
			buildActionMask = 2147483647;
			files = (
			);
			runOnlyForDeploymentPostprocessing = 0;
		};
/* End PBXResourcesBuildPhase section */

/* Begin PBXSourcesBuildPhase section */
		CF51F87A1CBBC6170048E8E7 /* Sources */ = {
			isa = PBXSourcesBuildPhase;
			buildActionMask = 2147483647;
			files = (
				CF51F88F1CBBC6170048E8E7 /* Sina.xcdatamodeld in Sources */,
				CF51F8BE1CBBC7CB0048E8E7 /* TableViewCell.m in Sources */,
				CF51F8891CBBC6170048E8E7 /* ViewController.m in Sources */,
				CF51F8861CBBC6170048E8E7 /* AppDelegate.m in Sources */,
				CF51F8BB1CBBC74C0048E8E7 /* Status.m in Sources */,
				CF51F8831CBBC6170048E8E7 /* main.m in Sources */,
			);
			runOnlyForDeploymentPostprocessing = 0;
		};
		CF51F8961CBBC6170048E8E7 /* Sources */ = {
			isa = PBXSourcesBuildPhase;
			buildActionMask = 2147483647;
			files = (
				CF51F89F1CBBC6170048E8E7 /* SinaTests.m in Sources */,
			);
			runOnlyForDeploymentPostprocessing = 0;
		};
		CF51F8A11CBBC6170048E8E7 /* Sources */ = {
			isa = PBXSourcesBuildPhase;
			buildActionMask = 2147483647;
			files = (
				CF51F8AA1CBBC6170048E8E7 /* SinaUITests.m in Sources */,
			);
			runOnlyForDeploymentPostprocessing = 0;
		};
/* End PBXSourcesBuildPhase section */

/* Begin PBXTargetDependency section */
		CF51F89C1CBBC6170048E8E7 /* PBXTargetDependency */ = {
			isa = PBXTargetDependency;
			target = CF51F87D1CBBC6170048E8E7 /* Sina */;
			targetProxy = CF51F89B1CBBC6170048E8E7 /* PBXContainerItemProxy */;
		};
		CF51F8A71CBBC6170048E8E7 /* PBXTargetDependency */ = {
			isa = PBXTargetDependency;
			target = CF51F87D1CBBC6170048E8E7 /* Sina */;
			targetProxy = CF51F8A61CBBC6170048E8E7 /* PBXContainerItemProxy */;
		};
/* End PBXTargetDependency section */

/* Begin PBXVariantGroup section */
		CF51F88A1CBBC6170048E8E7 /* Main.storyboard */ = {
			isa = PBXVariantGroup;
			children = (
				CF51F88B1CBBC6170048E8E7 /* Base */,
			);
			name = Main.storyboard;
			sourceTree = "<group>";
		};
		CF51F8921CBBC6170048E8E7 /* LaunchScreen.storyboard */ = {
			isa = PBXVariantGroup;
			children = (
				CF51F8931CBBC6170048E8E7 /* Base */,
			);
			name = LaunchScreen.storyboard;
			sourceTree = "<group>";
		};
/* End PBXVariantGroup section */

/* Begin XCBuildConfiguration section */
		CF51F8AC1CBBC6170048E8E7 /* Debug */ = {
			isa = XCBuildConfiguration;
			buildSettings = {
				ALWAYS_SEARCH_USER_PATHS = NO;
				CLANG_ANALYZER_NONNULL = YES;
				CLANG_CXX_LANGUAGE_STANDARD = "gnu++0x";
				CLANG_CXX_LIBRARY = "libc++";
				CLANG_ENABLE_MODULES = YES;
				CLANG_ENABLE_OBJC_ARC = YES;
				CLANG_WARN_BOOL_CONVERSION = YES;
				CLANG_WARN_CONSTANT_CONVERSION = YES;
				CLANG_WARN_DIRECT_OBJC_ISA_USAGE = YES_ERROR;
				CLANG_WARN_EMPTY_BODY = YES;
				CLANG_WARN_ENUM_CONVERSION = YES;
				CLANG_WARN_INT_CONVERSION = YES;
				CLANG_WARN_OBJC_ROOT_CLASS = YES_ERROR;
				CLANG_WARN_UNREACHABLE_CODE = YES;
				CLANG_WARN__DUPLICATE_METHOD_MATCH = YES;
				"CODE_SIGN_IDENTITY[sdk=iphoneos*]" = "iPhone Developer";
				COPY_PHASE_STRIP = NO;
				DEBUG_INFORMATION_FORMAT = dwarf;
				ENABLE_STRICT_OBJC_MSGSEND = YES;
				ENABLE_TESTABILITY = YES;
				GCC_C_LANGUAGE_STANDARD = gnu99;
				GCC_DYNAMIC_NO_PIC = NO;
				GCC_NO_COMMON_BLOCKS = YES;
				GCC_OPTIMIZATION_LEVEL = 0;
				GCC_PREPROCESSOR_DEFINITIONS = (
					"DEBUG=1",
					"$(inherited)",
				);
				GCC_WARN_64_TO_32_BIT_CONVERSION = YES;
				GCC_WARN_ABOUT_RETURN_TYPE = YES_ERROR;
				GCC_WARN_UNDECLARED_SELECTOR = YES;
				GCC_WARN_UNINITIALIZED_AUTOS = YES_AGGRESSIVE;
				GCC_WARN_UNUSED_FUNCTION = YES;
				GCC_WARN_UNUSED_VARIABLE = YES;
				IPHONEOS_DEPLOYMENT_TARGET = 9.3;
				MTL_ENABLE_DEBUG_INFO = YES;
				ONLY_ACTIVE_ARCH = YES;
				SDKROOT = iphoneos;
			};
			name = Debug;
		};
		CF51F8AD1CBBC6170048E8E7 /* Release */ = {
			isa = XCBuildConfiguration;
			buildSettings = {
				ALWAYS_SEARCH_USER_PATHS = NO;
				CLANG_ANALYZER_NONNULL = YES;
				CLANG_CXX_LANGUAGE_STANDARD = "gnu++0x";
				CLANG_CXX_LIBRARY = "libc++";
				CLANG_ENABLE_MODULES = YES;
				CLANG_ENABLE_OBJC_ARC = YES;
				CLANG_WARN_BOOL_CONVERSION = YES;
				CLANG_WARN_CONSTANT_CONVERSION = YES;
				CLANG_WARN_DIRECT_OBJC_ISA_USAGE = YES_ERROR;
				CLANG_WARN_EMPTY_BODY = YES;
				CLANG_WARN_ENUM_CONVERSION = YES;
				CLANG_WARN_INT_CONVERSION = YES;
				CLANG_WARN_OBJC_ROOT_CLASS = YES_ERROR;
				CLANG_WARN_UNREACHABLE_CODE = YES;
				CLANG_WARN__DUPLICATE_METHOD_MATCH = YES;
				"CODE_SIGN_IDENTITY[sdk=iphoneos*]" = "iPhone Developer";
				COPY_PHASE_STRIP = NO;
				DEBUG_INFORMATION_FORMAT = "dwarf-with-dsym";
				ENABLE_NS_ASSERTIONS = NO;
				ENABLE_STRICT_OBJC_MSGSEND = YES;
				GCC_C_LANGUAGE_STANDARD = gnu99;
				GCC_NO_COMMON_BLOCKS = YES;
				GCC_WARN_64_TO_32_BIT_CONVERSION = YES;
				GCC_WARN_ABOUT_RETURN_TYPE = YES_ERROR;
				GCC_WARN_UNDECLARED_SELECTOR = YES;
				GCC_WARN_UNINITIALIZED_AUTOS = YES_AGGRESSIVE;
				GCC_WARN_UNUSED_FUNCTION = YES;
				GCC_WARN_UNUSED_VARIABLE = YES;
				IPHONEOS_DEPLOYMENT_TARGET = 9.3;
				MTL_ENABLE_DEBUG_INFO = NO;
				SDKROOT = iphoneos;
				VALIDATE_PRODUCT = YES;
			};
			name = Release;
		};
		CF51F8AF1CBBC6170048E8E7 /* Debug */ = {
			isa = XCBuildConfiguration;
			buildSettings = {
				ASSETCATALOG_COMPILER_APPICON_NAME = AppIcon;
				INFOPLIST_FILE = Sina/Info.plist;
				IPHONEOS_DEPLOYMENT_TARGET = 8.0;
				LD_RUNPATH_SEARCH_PATHS = "$(inherited) @executable_path/Frameworks";
				PRODUCT_BUNDLE_IDENTIFIER = com.jiangsu.Sina;
				PRODUCT_NAME = "$(TARGET_NAME)";
			};
			name = Debug;
		};
		CF51F8B01CBBC6170048E8E7 /* Release */ = {
			isa = XCBuildConfiguration;
			buildSettings = {
				ASSETCATALOG_COMPILER_APPICON_NAME = AppIcon;
				INFOPLIST_FILE = Sina/Info.plist;
				IPHONEOS_DEPLOYMENT_TARGET = 8.0;
				LD_RUNPATH_SEARCH_PATHS = "$(inherited) @executable_path/Frameworks";
				PRODUCT_BUNDLE_IDENTIFIER = com.jiangsu.Sina;
				PRODUCT_NAME = "$(TARGET_NAME)";
			};
			name = Release;
		};
		CF51F8B21CBBC6170048E8E7 /* Debug */ = {
			isa = XCBuildConfiguration;
			buildSettings = {
				BUNDLE_LOADER = "$(TEST_HOST)";
				INFOPLIST_FILE = SinaTests/Info.plist;
				LD_RUNPATH_SEARCH_PATHS = "$(inherited) @executable_path/Frameworks @loader_path/Frameworks";
				PRODUCT_BUNDLE_IDENTIFIER = com.jiangsu.SinaTests;
				PRODUCT_NAME = "$(TARGET_NAME)";
				TEST_HOST = "$(BUILT_PRODUCTS_DIR)/Sina.app/Sina";
			};
			name = Debug;
		};
		CF51F8B31CBBC6170048E8E7 /* Release */ = {
			isa = XCBuildConfiguration;
			buildSettings = {
				BUNDLE_LOADER = "$(TEST_HOST)";
				INFOPLIST_FILE = SinaTests/Info.plist;
				LD_RUNPATH_SEARCH_PATHS = "$(inherited) @executable_path/Frameworks @loader_path/Frameworks";
				PRODUCT_BUNDLE_IDENTIFIER = com.jiangsu.SinaTests;
				PRODUCT_NAME = "$(TARGET_NAME)";
				TEST_HOST = "$(BUILT_PRODUCTS_DIR)/Sina.app/Sina";
			};
			name = Release;
		};
		CF51F8B51CBBC6170048E8E7 /* Debug */ = {
			isa = XCBuildConfiguration;
			buildSettings = {
				INFOPLIST_FILE = SinaUITests/Info.plist;
				LD_RUNPATH_SEARCH_PATHS = "$(inherited) @executable_path/Frameworks @loader_path/Frameworks";
				PRODUCT_BUNDLE_IDENTIFIER = com.jiangsu.SinaUITests;
				PRODUCT_NAME = "$(TARGET_NAME)";
				TEST_TARGET_NAME = Sina;
			};
			name = Debug;
		};
		CF51F8B61CBBC6170048E8E7 /* Release */ = {
			isa = XCBuildConfiguration;
			buildSettings = {
				INFOPLIST_FILE = SinaUITests/Info.plist;
				LD_RUNPATH_SEARCH_PATHS = "$(inherited) @executable_path/Frameworks @loader_path/Frameworks";
				PRODUCT_BUNDLE_IDENTIFIER = com.jiangsu.SinaUITests;
				PRODUCT_NAME = "$(TARGET_NAME)";
				TEST_TARGET_NAME = Sina;
			};
			name = Release;
		};
/* End XCBuildConfiguration section */

/* Begin XCConfigurationList section */
		CF51F8791CBBC6170048E8E7 /* Build configuration list for PBXProject "Sina" */ = {
			isa = XCConfigurationList;
			buildConfigurations = (
				CF51F8AC1CBBC6170048E8E7 /* Debug */,
				CF51F8AD1CBBC6170048E8E7 /* Release */,
			);
			defaultConfigurationIsVisible = 0;
			defaultConfigurationName = Release;
		};
		CF51F8AE1CBBC6170048E8E7 /* Build configuration list for PBXNativeTarget "Sina" */ = {
			isa = XCConfigurationList;
			buildConfigurations = (
				CF51F8AF1CBBC6170048E8E7 /* Debug */,
				CF51F8B01CBBC6170048E8E7 /* Release */,
			);
			defaultConfigurationIsVisible = 0;
		};
		CF51F8B11CBBC6170048E8E7 /* Build configuration list for PBXNativeTarget "SinaTests" */ = {
			isa = XCConfigurationList;
			buildConfigurations = (
				CF51F8B21CBBC6170048E8E7 /* Debug */,
				CF51F8B31CBBC6170048E8E7 /* Release */,
			);
			defaultConfigurationIsVisible = 0;
		};
		CF51F8B41CBBC6170048E8E7 /* Build configuration list for PBXNativeTarget "SinaUITests" */ = {
			isa = XCConfigurationList;
			buildConfigurations = (
				CF51F8B51CBBC6170048E8E7 /* Debug */,
				CF51F8B61CBBC6170048E8E7 /* Release */,
			);
			defaultConfigurationIsVisible = 0;
		};
/* End XCConfigurationList section */

/* Begin XCVersionGroup section */
		CF51F88D1CBBC6170048E8E7 /* Sina.xcdatamodeld */ = {
			isa = XCVersionGroup;
			children = (
				CF51F88E1CBBC6170048E8E7 /* Sina.xcdatamodel */,
			);
			currentVersion = CF51F88E1CBBC6170048E8E7 /* Sina.xcdatamodel */;
			path = Sina.xcdatamodeld;
			sourceTree = "<group>";
			versionGroupType = wrapper.xcdatamodel;
		};
/* End XCVersionGroup section */
	};
	rootObject = CF51F8761CBBC6170048E8E7 /* Project object */;
}
